
Microsoft Visual Studio Solution File, Format Version 12.00
# Visual Studio Version 17
VisualStudioVersion = 17.5.002.0
MinimumVisualStudioVersion = 10.0.40219.1
Project("{9A19103F-16F7-4668-BE54-9A1E7A4F7556}") = "dotnet-kp", "dotnet-kp.csproj", "{5FB63FB2-0102-47EE-9290-B387583467C8}"
EndProject
Global
	GlobalSection(SolutionConfigurationPlatforms) = preSolution
		Debug|Any CPU = Debug|Any CPU
		Release|Any CPU = Release|Any CPU
	EndGlobalSection
	GlobalSection(ProjectConfigurationPlatforms) = postSolution
		{5FB63FB2-0102-47EE-9290-B387583467C8}.Debug|Any CPU.ActiveCfg = Debug|Any CPU
		{5FB63FB2-0102-47EE-9290-B387583467C8}.Debug|Any CPU.Build.0 = Debug|Any CPU
		{5FB63FB2-0102-47EE-9290-B387583467C8}.Release|Any CPU.ActiveCfg = Release|Any CPU
		{5FB63FB2-0102-47EE-9290-B387583467C8}.Release|Any CPU.Build.0 = Release|Any CPU
	EndGlobalSection
	GlobalSection(SolutionProperties) = preSolution
		HideSolutionNode = FALSE
	EndGlobalSection
	GlobalSection(ExtensibilityGlobals) = postSolution
		SolutionGuid = {C96C1BDA-1228-4D1F-82F5-BF0136BB5DDB}
	EndGlobalSection
EndGlobal
